# This file was autogenerated by Stack.
# You should not edit this file by hand.
# For more information, please see the documentation at:
#   https://docs.haskellstack.org/en/stable/lock_files

packages:
- completed:
    hackage: base16-1.0@sha256:9b72a280a7af75a5026fa25a1b8ae18ec10200a070947723f1fd61dc8d407862,2472
    pantry-tree:
      sha256: 3a0f4b633d58e312d6e6fa556c7abbd0f483ebc35d767a77315f98e2d9840fd8
      size: 1457
  original:
    hackage: base16-1.0@sha256:9b72a280a7af75a5026fa25a1b8ae18ec10200a070947723f1fd61dc8d407862,2472
- completed:
    commit: bf151b91c5a974e4d295db49bd85faac34dc2a84
    git: https://github.com/evgeny-osipenko/secp256k1-haskell
    name: secp256k1-haskell
    pantry-tree:
      sha256: c2b569bceaed4057a5702e9e5219148d0db1690aad919ca1f69ce7fcdbe43b75
      size: 935
    subdir: secp256k1-haskell
    version: 1.0.1
  original:
    commit: bf151b91c5a974e4d295db49bd85faac34dc2a84
    git: https://github.com/evgeny-osipenko/secp256k1-haskell
    subdir: secp256k1-haskell
- completed:
    commit: bf151b91c5a974e4d295db49bd85faac34dc2a84
    git: https://github.com/evgeny-osipenko/secp256k1-haskell
    name: secp256k1-haskell-recovery
    pantry-tree:
      sha256: ffe36ee57fd1c08e6c01089697d9458a29aaeb866ec66d8d0320c5fc2cdd5fbf
      size: 643
    subdir: secp256k1-haskell-recovery
    version: 0.1.0
  original:
    commit: bf151b91c5a974e4d295db49bd85faac34dc2a84
    git: https://github.com/evgeny-osipenko/secp256k1-haskell
    subdir: secp256k1-haskell-recovery
snapshots:
- completed:
    sha256: 97710f56bf093fca0ee5d8dbe19d96b654c752e405b66795b4baedd84a794c60
    size: 640010
    url: https://raw.githubusercontent.com/commercialhaskell/stackage-snapshots/master/lts/21/3.yaml
  original: lts-21.3
